
Microsoft Visual Studio Solution File, Format Version 12.00
# Visual Studio 2013
VisualStudioVersion = 12.0.31101.0
MinimumVisualStudioVersion = 10.0.40219.1
Project("{FAE04EC0-301F-11D3-BF4B-00C04F79EFBC}") = "TextCanvasLib", "TextCanvasLib\TextCanvasLib.csproj", "{9DD987A5-F2E9-4676-B9C6-9A91B2B26CF2}"
EndProject
Project("{FAE04EC0-301F-11D3-BF4B-00C04F79EFBC}") = "AutoCoder", "..\AutoCoder\AutoCoder.csproj", "{AC6039B3-9723-40B9-8569-1C16E70FFC7D}"
EndProject
Project("{FAE04EC0-301F-11D3-BF4B-00C04F79EFBC}") = "TextDemo", "TextDemo\TextDemo.csproj", "{FEA4B4E4-230B-4B51-BCF4-3AE274769530}"
EndProject
Project("{FAE04EC0-301F-11D3-BF4B-00C04F79EFBC}") = "AutoCoder_As400", "..\AutoCoder_As400\AutoCoder_As400\AutoCoder_As400.csproj", "{D9854A45-BED9-45A4-9592-7BE8E744C89C}"
EndProject
Global
	GlobalSection(SolutionConfigurationPlatforms) = preSolution
		Debug|Any CPU = Debug|Any CPU
		Debug|x86 = Debug|x86
		Release|Any CPU = Release|Any CPU
		Release|x86 = Release|x86
	EndGlobalSection
	GlobalSection(ProjectConfigurationPlatforms) = postSolution
		{9DD987A5-F2E9-4676-B9C6-9A91B2B26CF2}.Debug|Any CPU.ActiveCfg = Debug|Any CPU
		{9DD987A5-F2E9-4676-B9C6-9A91B2B26CF2}.Debug|Any CPU.Build.0 = Debug|Any CPU
		{9DD987A5-F2E9-4676-B9C6-9A91B2B26CF2}.Debug|x86.ActiveCfg = Debug|Any CPU
		{9DD987A5-F2E9-4676-B9C6-9A91B2B26CF2}.Release|Any CPU.ActiveCfg = Release|Any CPU
		{9DD987A5-F2E9-4676-B9C6-9A91B2B26CF2}.Release|Any CPU.Build.0 = Release|Any CPU
		{9DD987A5-F2E9-4676-B9C6-9A91B2B26CF2}.Release|x86.ActiveCfg = Release|Any CPU
		{AC6039B3-9723-40B9-8569-1C16E70FFC7D}.Debug|Any CPU.ActiveCfg = Debug|Any CPU
		{AC6039B3-9723-40B9-8569-1C16E70FFC7D}.Debug|Any CPU.Build.0 = Debug|Any CPU
		{AC6039B3-9723-40B9-8569-1C16E70FFC7D}.Debug|x86.ActiveCfg = Debug|x86
		{AC6039B3-9723-40B9-8569-1C16E70FFC7D}.Debug|x86.Build.0 = Debug|x86
		{AC6039B3-9723-40B9-8569-1C16E70FFC7D}.Release|Any CPU.ActiveCfg = Release|Any CPU
		{AC6039B3-9723-40B9-8569-1C16E70FFC7D}.Release|Any CPU.Build.0 = Release|Any CPU
		{AC6039B3-9723-40B9-8569-1C16E70FFC7D}.Release|x86.ActiveCfg = Release|x86
		{AC6039B3-9723-40B9-8569-1C16E70FFC7D}.Release|x86.Build.0 = Release|x86
		{FEA4B4E4-230B-4B51-BCF4-3AE274769530}.Debug|Any CPU.ActiveCfg = Debug|Any CPU
		{FEA4B4E4-230B-4B51-BCF4-3AE274769530}.Debug|Any CPU.Build.0 = Debug|Any CPU
		{FEA4B4E4-230B-4B51-BCF4-3AE274769530}.Debug|x86.ActiveCfg = Debug|Any CPU
		{FEA4B4E4-230B-4B51-BCF4-3AE274769530}.Release|Any CPU.ActiveCfg = Release|Any CPU
		{FEA4B4E4-230B-4B51-BCF4-3AE274769530}.Release|Any CPU.Build.0 = Release|Any CPU
		{FEA4B4E4-230B-4B51-BCF4-3AE274769530}.Release|x86.ActiveCfg = Release|Any CPU
		{D9854A45-BED9-45A4-9592-7BE8E744C89C}.Debug|Any CPU.ActiveCfg = Debug|Any CPU
		{D9854A45-BED9-45A4-9592-7BE8E744C89C}.Debug|Any CPU.Build.0 = Debug|Any CPU
		{D9854A45-BED9-45A4-9592-7BE8E744C89C}.Debug|x86.ActiveCfg = Debug|x86
		{D9854A45-BED9-45A4-9592-7BE8E744C89C}.Debug|x86.Build.0 = Debug|x86
		{D9854A45-BED9-45A4-9592-7BE8E744C89C}.Release|Any CPU.ActiveCfg = Release|Any CPU
		{D9854A45-BED9-45A4-9592-7BE8E744C89C}.Release|Any CPU.Build.0 = Release|Any CPU
		{D9854A45-BED9-45A4-9592-7BE8E744C89C}.Release|x86.ActiveCfg = Release|x86
		{D9854A45-BED9-45A4-9592-7BE8E744C89C}.Release|x86.Build.0 = Release|x86
	EndGlobalSection
	GlobalSection(SolutionProperties) = preSolution
		HideSolutionNode = FALSE
	EndGlobalSection
EndGlobal
